
Microsoft Visual Studio Solution File, Format Version 12.00
# Visual Studio Version 16
VisualStudioVersion = 16.0.32802.440
MinimumVisualStudioVersion = 10.0.40219.1
Project("{FAE04EC0-301F-11D3-BF4B-00C04F79EFBC}") = "Massager_Angular", "Massager_Angular\Massager_Angular.csproj", "{42EB3E04-C67D-4DC7-9AC2-8472FD84B2F6}"
EndProject
Project("{FAE04EC0-301F-11D3-BF4B-00C04F79EFBC}") = "Massager_Angular.Tests", "Massager_Angular.Tests\Massager_Angular.Tests.csproj", "{806637BE-7008-42FE-ADE7-978870569969}"
EndProject
Project("{FAE04EC0-301F-11D3-BF4B-00C04F79EFBC}") = "Massager_Angular.BLL", "Massager_Angular.BLL\Massager_Angular.BLL.csproj", "{93598741-52C8-4CEF-819C-777DE4511401}"
EndProject
Project("{FAE04EC0-301F-11D3-BF4B-00C04F79EFBC}") = "Massager_Angular.DAL", "Massager_Angular.DAL\Massager_Angular.DAL.csproj", "{AD9C59BA-44C2-4030-8B66-6A5A2C6EC9A4}"
EndProject
Global
	GlobalSection(SolutionConfigurationPlatforms) = preSolution
		Debug|Any CPU = Debug|Any CPU
		Release|Any CPU = Release|Any CPU
	EndGlobalSection
	GlobalSection(ProjectConfigurationPlatforms) = postSolution
		{42EB3E04-C67D-4DC7-9AC2-8472FD84B2F6}.Debug|Any CPU.ActiveCfg = Debug|Any CPU
		{42EB3E04-C67D-4DC7-9AC2-8472FD84B2F6}.Debug|Any CPU.Build.0 = Debug|Any CPU
		{42EB3E04-C67D-4DC7-9AC2-8472FD84B2F6}.Release|Any CPU.ActiveCfg = Release|Any CPU
		{42EB3E04-C67D-4DC7-9AC2-8472FD84B2F6}.Release|Any CPU.Build.0 = Release|Any CPU
		{806637BE-7008-42FE-ADE7-978870569969}.Debug|Any CPU.ActiveCfg = Debug|Any CPU
		{806637BE-7008-42FE-ADE7-978870569969}.Debug|Any CPU.Build.0 = Debug|Any CPU
		{806637BE-7008-42FE-ADE7-978870569969}.Release|Any CPU.ActiveCfg = Release|Any CPU
		{806637BE-7008-42FE-ADE7-978870569969}.Release|Any CPU.Build.0 = Release|Any CPU
		{93598741-52C8-4CEF-819C-777DE4511401}.Debug|Any CPU.ActiveCfg = Debug|Any CPU
		{93598741-52C8-4CEF-819C-777DE4511401}.Debug|Any CPU.Build.0 = Debug|Any CPU
		{93598741-52C8-4CEF-819C-777DE4511401}.Release|Any CPU.ActiveCfg = Release|Any CPU
		{93598741-52C8-4CEF-819C-777DE4511401}.Release|Any CPU.Build.0 = Release|Any CPU
		{AD9C59BA-44C2-4030-8B66-6A5A2C6EC9A4}.Debug|Any CPU.ActiveCfg = Debug|Any CPU
		{AD9C59BA-44C2-4030-8B66-6A5A2C6EC9A4}.Debug|Any CPU.Build.0 = Debug|Any CPU
		{AD9C59BA-44C2-4030-8B66-6A5A2C6EC9A4}.Release|Any CPU.ActiveCfg = Release|Any CPU
		{AD9C59BA-44C2-4030-8B66-6A5A2C6EC9A4}.Release|Any CPU.Build.0 = Release|Any CPU
	EndGlobalSection
	GlobalSection(SolutionProperties) = preSolution
		HideSolutionNode = FALSE
	EndGlobalSection
	GlobalSection(ExtensibilityGlobals) = postSolution
		SolutionGuid = {71FF1EE9-00C8-4556-A4AD-1CCE75C26180}
	EndGlobalSection
EndGlobal
