
Microsoft Visual Studio Solution File, Format Version 12.00
# Visual Studio Version 16
VisualStudioVersion = 16.0.32802.440
MinimumVisualStudioVersion = 10.0.40219.1
Project("{9A19103F-16F7-4668-BE54-9A1E7A4F7556}") = "Messager_Angular", "Massager_Angular\Messager_Angular.csproj", "{D8EE4104-79BC-43E4-949A-EA6928892371}"
EndProject
Project("{9A19103F-16F7-4668-BE54-9A1E7A4F7556}") = "Messager_Angular.BLL", "Massager_Angular.BLL\Messager_Angular.BLL.csproj", "{35CBEFC8-FD82-4C1B-9502-D0278DDFC6A0}"
EndProject
Project("{9A19103F-16F7-4668-BE54-9A1E7A4F7556}") = "Messager_Angular.DAL", "Massager_Angular.DAL\Messager_Angular.DAL.csproj", "{57DC7123-3180-4347-A563-97A498E26BC4}"
EndProject
Project("{9A19103F-16F7-4668-BE54-9A1E7A4F7556}") = "Messager_Angular.Tests", "Massager_Angular.Tests\Messager_Angular.Tests.csproj", "{7846C5F8-9C70-4CC9-9D53-AD1A99BBCACC}"
EndProject
Global
	GlobalSection(SolutionConfigurationPlatforms) = preSolution
		Debug|Any CPU = Debug|Any CPU
		Release|Any CPU = Release|Any CPU
	EndGlobalSection
	GlobalSection(ProjectConfigurationPlatforms) = postSolution
		{D8EE4104-79BC-43E4-949A-EA6928892371}.Debug|Any CPU.ActiveCfg = Debug|Any CPU
		{D8EE4104-79BC-43E4-949A-EA6928892371}.Debug|Any CPU.Build.0 = Debug|Any CPU
		{D8EE4104-79BC-43E4-949A-EA6928892371}.Release|Any CPU.ActiveCfg = Release|Any CPU
		{D8EE4104-79BC-43E4-949A-EA6928892371}.Release|Any CPU.Build.0 = Release|Any CPU
		{35CBEFC8-FD82-4C1B-9502-D0278DDFC6A0}.Debug|Any CPU.ActiveCfg = Debug|Any CPU
		{35CBEFC8-FD82-4C1B-9502-D0278DDFC6A0}.Debug|Any CPU.Build.0 = Debug|Any CPU
		{35CBEFC8-FD82-4C1B-9502-D0278DDFC6A0}.Release|Any CPU.ActiveCfg = Release|Any CPU
		{35CBEFC8-FD82-4C1B-9502-D0278DDFC6A0}.Release|Any CPU.Build.0 = Release|Any CPU
		{57DC7123-3180-4347-A563-97A498E26BC4}.Debug|Any CPU.ActiveCfg = Debug|Any CPU
		{57DC7123-3180-4347-A563-97A498E26BC4}.Debug|Any CPU.Build.0 = Debug|Any CPU
		{57DC7123-3180-4347-A563-97A498E26BC4}.Release|Any CPU.ActiveCfg = Release|Any CPU
		{57DC7123-3180-4347-A563-97A498E26BC4}.Release|Any CPU.Build.0 = Release|Any CPU
		{7846C5F8-9C70-4CC9-9D53-AD1A99BBCACC}.Debug|Any CPU.ActiveCfg = Debug|Any CPU
		{7846C5F8-9C70-4CC9-9D53-AD1A99BBCACC}.Debug|Any CPU.Build.0 = Debug|Any CPU
		{7846C5F8-9C70-4CC9-9D53-AD1A99BBCACC}.Release|Any CPU.ActiveCfg = Release|Any CPU
		{7846C5F8-9C70-4CC9-9D53-AD1A99BBCACC}.Release|Any CPU.Build.0 = Release|Any CPU
	EndGlobalSection
	GlobalSection(SolutionProperties) = preSolution
		HideSolutionNode = FALSE
	EndGlobalSection
	GlobalSection(ExtensibilityGlobals) = postSolution
		SolutionGuid = {71FF1EE9-00C8-4556-A4AD-1CCE75C26180}
	EndGlobalSection
EndGlobal
